
Microsoft Visual Studio Solution File, Format Version 12.00
# Visual Studio Version 17
VisualStudioVersion = 17.11.35222.181
MinimumVisualStudioVersion = 10.0.40219.1
Project("{FAE04EC0-301F-11D3-BF4B-00C04F79EFBC}") = "aula1911", "aula1911.csproj", "{9062DF20-A67F-4721-A047-1E355618CE88}"
EndProject
Global
	GlobalSection(SolutionConfigurationPlatforms) = preSolution
		Debug|Any CPU = Debug|Any CPU
		Release|Any CPU = Release|Any CPU
	EndGlobalSection
	GlobalSection(ProjectConfigurationPlatforms) = postSolution
		{9062DF20-A67F-4721-A047-1E355618CE88}.Debug|Any CPU.ActiveCfg = Debug|Any CPU
		{9062DF20-A67F-4721-A047-1E355618CE88}.Debug|Any CPU.Build.0 = Debug|Any CPU
		{9062DF20-A67F-4721-A047-1E355618CE88}.Release|Any CPU.ActiveCfg = Release|Any CPU
		{9062DF20-A67F-4721-A047-1E355618CE88}.Release|Any CPU.Build.0 = Release|Any CPU
	EndGlobalSection
	GlobalSection(SolutionProperties) = preSolution
		HideSolutionNode = FALSE
	EndGlobalSection
	GlobalSection(ExtensibilityGlobals) = postSolution
		SolutionGuid = {B6577D90-E4B8-4A35-86E1-0365B666C533}
	EndGlobalSection
EndGlobal
